  "lockfileVersion": 2,
  "requires": true,
  "packages": {
    "": {
      "dependencies": {
        "axios": "^0.26.1"
      }
    },
    "node_modules/axios": {
      "version": "0.26.1",
<<<<<<< HEAD
      "license": "MIT",
=======
      "resolved": "https://registry.npmjs.org/axios/-/axios-0.26.1.tgz",
      "integrity": "sha512-fPwcX4EvnSHuInCMItEhAGnaSEXRBjtzh9fOtsE6E1G6p7vl7edEeZe11QHf18+6+9gR5PbKV/sGKNaD8YaMeA==",
>>>>>>> 04ad9b5570abedaed6b0d685604bf30fdb629e7e
      "dependencies": {
        "follow-redirects": "^1.14.8"
      }
    },
    "node_modules/follow-redirects": {
      "version": "1.14.9",
<<<<<<< HEAD
=======
      "resolved": "https://registry.npmjs.org/follow-redirects/-/follow-redirects-1.14.9.tgz",
      "integrity": "sha512-MQDfihBQYMcyy5dhRDJUHcw7lb2Pv/TuE6xP1vyraLukNDHKbDxDNaOE3NbCAdKQApno+GPRyo1YAp89yCjK4w==",
>>>>>>> 04ad9b5570abedaed6b0d685604bf30fdb629e7e
      "funding": [
        {
          "type": "individual",
          "url": "https://github.com/sponsors/RubenVerborgh"
        }
      ],
<<<<<<< HEAD
      "license": "MIT",
=======
>>>>>>> 04ad9b5570abedaed6b0d685604bf30fdb629e7e
      "engines": {
        "node": ">=4.0"
      },
      "peerDependenciesMeta": {
        "debug": {
          "optional": true
        }
      }
    }
  },
  "dependencies": {
    "axios": {
      "version": "0.26.1",
<<<<<<< HEAD
=======
      "resolved": "https://registry.npmjs.org/axios/-/axios-0.26.1.tgz",
      "integrity": "sha512-fPwcX4EvnSHuInCMItEhAGnaSEXRBjtzh9fOtsE6E1G6p7vl7edEeZe11QHf18+6+9gR5PbKV/sGKNaD8YaMeA==",
>>>>>>> 04ad9b5570abedaed6b0d685604bf30fdb629e7e
      "requires": {
        "follow-redirects": "^1.14.8"
      }
    },
    "follow-redirects": {
<<<<<<< HEAD
      "version": "1.14.9"
=======
      "version": "1.14.9",
      "resolved": "https://registry.npmjs.org/follow-redirects/-/follow-redirects-1.14.9.tgz",
      "integrity": "sha512-MQDfihBQYMcyy5dhRDJUHcw7lb2Pv/TuE6xP1vyraLukNDHKbDxDNaOE3NbCAdKQApno+GPRyo1YAp89yCjK4w=="
>>>>>>> 04ad9b5570abedaed6b0d685604bf30fdb629e7e
    }
  }
}
